
Microsoft Visual Studio Solution File, Format Version 12.00
# Visual Studio Version 17
VisualStudioVersion = 17.4.33213.308
MinimumVisualStudioVersion = 10.0.40219.1
Project("{FAE04EC0-301F-11D3-BF4B-00C04F79EFBC}") = "TakeHome_W8", "TakeHome_W8\TakeHome_W8.csproj", "{D73059CB-F797-4A0C-BE3A-22015D984A99}"
EndProject
Global
	GlobalSection(SolutionConfigurationPlatforms) = preSolution
		Debug|Any CPU = Debug|Any CPU
		Release|Any CPU = Release|Any CPU
	EndGlobalSection
	GlobalSection(ProjectConfigurationPlatforms) = postSolution
		{D73059CB-F797-4A0C-BE3A-22015D984A99}.Debug|Any CPU.ActiveCfg = Debug|Any CPU
		{D73059CB-F797-4A0C-BE3A-22015D984A99}.Debug|Any CPU.Build.0 = Debug|Any CPU
		{D73059CB-F797-4A0C-BE3A-22015D984A99}.Release|Any CPU.ActiveCfg = Release|Any CPU
		{D73059CB-F797-4A0C-BE3A-22015D984A99}.Release|Any CPU.Build.0 = Release|Any CPU
	EndGlobalSection
	GlobalSection(SolutionProperties) = preSolution
		HideSolutionNode = FALSE
	EndGlobalSection
	GlobalSection(ExtensibilityGlobals) = postSolution
		SolutionGuid = {EAD29A06-7399-46FD-BB7D-9C1EBDB2E0DD}
	EndGlobalSection
EndGlobal
